dependencies:
- name: api-gateway
  repository: file://charts/api-gateway
  version: 0.1.0
- name: security-layer
  repository: file://charts/security-layer
  version: 0.1.0
- name: router
  repository: file://charts/router
  version: 0.1.0
- name: cache
  repository: file://charts/cache
  version: 0.1.0
- name: inference-ollama
  repository: file://charts/inference-ollama
  version: 0.1.0
- name: agent-framework
  repository: file://charts/agent-framework
  version: 0.1.0
- name: model-registry
  repository: file://charts/model-registry
  version: 0.1.0
- name: audit-store
  repository: file://charts/audit-store
  version: 0.1.0
- name: admin-portal
  repository: file://charts/admin-portal
  version: 0.1.0
- name: observability
  repository: file://charts/observability
  version: 0.1.0
digest: sha256:a5c93b3d8df8b91b196eb4c64321aa7bf312115dd70c9297f66dcaa7114b5ba1
generated: "2026-07-01T20:10:56.4888197+05:30"
